
Microsoft Visual Studio Solution File, Format Version 12.00
# Visual Studio 14
VisualStudioVersion = 14.0.25420.1
MinimumVisualStudioVersion = 10.0.40219.1
Project("{FAE04EC0-301F-11D3-BF4B-00C04F79EFBC}") = "FirstApp.Android", "FirstApp\FirstApp.Android\FirstApp.Android.csproj", "{868F16A6-B88A-4E85-99F9-C43ADA05E3A4}"
EndProject
Project("{FAE04EC0-301F-11D3-BF4B-00C04F79EFBC}") = "FirstApp", "FirstApp\FirstApp\FirstApp.csproj", "{125784B5-8892-43F1-8295-3BA145CE1200}"
EndProject
Project("{FAE04EC0-301F-11D3-BF4B-00C04F79EFBC}") = "FirstApp.iOS", "FirstApp\FirstApp.iOS\FirstApp.iOS.csproj", "{092C5B24-29FC-40F9-8BCB-952F1A0A2D21}"
EndProject
Global
	GlobalSection(SolutionConfigurationPlatforms) = preSolution
		Ad-Hoc|Any CPU = Ad-Hoc|Any CPU
		Ad-Hoc|iPhone = Ad-Hoc|iPhone
		Ad-Hoc|iPhoneSimulator = Ad-Hoc|iPhoneSimulator
		AppStore|Any CPU = AppStore|Any CPU
		AppStore|iPhone = AppStore|iPhone
		AppStore|iPhoneSimulator = AppStore|iPhoneSimulator
		Debug|Any CPU = Debug|Any CPU
		Debug|iPhone = Debug|iPhone
		Debug|iPhoneSimulator = Debug|iPhoneSimulator
		Release|Any CPU = Release|Any CPU
		Release|iPhone = Release|iPhone
		Release|iPhoneSimulator = Release|iPhoneSimulator
	EndGlobalSection
	GlobalSection(ProjectConfigurationPlatforms) = postSolution
		{868F16A6-B88A-4E85-99F9-C43ADA05E3A4}.Ad-Hoc|Any CPU.ActiveCfg = Release|Any CPU
		{868F16A6-B88A-4E85-99F9-C43ADA05E3A4}.Ad-Hoc|Any CPU.Build.0 = Release|Any CPU
		{868F16A6-B88A-4E85-99F9-C43ADA05E3A4}.Ad-Hoc|Any CPU.Deploy.0 = Release|Any CPU
		{868F16A6-B88A-4E85-99F9-C43ADA05E3A4}.Ad-Hoc|iPhone.ActiveCfg = Release|Any CPU
		{868F16A6-B88A-4E85-99F9-C43ADA05E3A4}.Ad-Hoc|iPhone.Build.0 = Release|Any CPU
		{868F16A6-B88A-4E85-99F9-C43ADA05E3A4}.Ad-Hoc|iPhone.Deploy.0 = Release|Any CPU
		{868F16A6-B88A-4E85-99F9-C43ADA05E3A4}.Ad-Hoc|iPhoneSimulator.ActiveCfg = Release|Any CPU
		{868F16A6-B88A-4E85-99F9-C43ADA05E3A4}.Ad-Hoc|iPhoneSimulator.Build.0 = Release|Any CPU
		{868F16A6-B88A-4E85-99F9-C43ADA05E3A4}.Ad-Hoc|iPhoneSimulator.Deploy.0 = Release|Any CPU
		{868F16A6-B88A-4E85-99F9-C43ADA05E3A4}.AppStore|Any CPU.ActiveCfg = Release|Any CPU
		{868F16A6-B88A-4E85-99F9-C43ADA05E3A4}.AppStore|Any CPU.Build.0 = Release|Any CPU
		{868F16A6-B88A-4E85-99F9-C43ADA05E3A4}.AppStore|Any CPU.Deploy.0 = Release|Any CPU
		{868F16A6-B88A-4E85-99F9-C43ADA05E3A4}.AppStore|iPhone.ActiveCfg = Release|Any CPU
		{868F16A6-B88A-4E85-99F9-C43ADA05E3A4}.AppStore|iPhone.Build.0 = Release|Any CPU
		{868F16A6-B88A-4E85-99F9-C43ADA05E3A4}.AppStore|iPhone.Deploy.0 = Release|Any CPU
		{868F16A6-B88A-4E85-99F9-C43ADA05E3A4}.AppStore|iPhoneSimulator.ActiveCfg = Release|Any CPU
		{868F16A6-B88A-4E85-99F9-C43ADA05E3A4}.AppStore|iPhoneSimulator.Build.0 = Release|Any CPU
		{868F16A6-B88A-4E85-99F9-C43ADA05E3A4}.AppStore|iPhoneSimulator.Deploy.0 = Release|Any CPU
		{868F16A6-B88A-4E85-99F9-C43ADA05E3A4}.Debug|Any CPU.ActiveCfg = Debug|Any CPU
		{868F16A6-B88A-4E85-99F9-C43ADA05E3A4}.Debug|Any CPU.Build.0 = Debug|Any CPU
		{868F16A6-B88A-4E85-99F9-C43ADA05E3A4}.Debug|Any CPU.Deploy.0 = Debug|Any CPU
		{868F16A6-B88A-4E85-99F9-C43ADA05E3A4}.Debug|iPhone.ActiveCfg = Debug|Any CPU
		{868F16A6-B88A-4E85-99F9-C43ADA05E3A4}.Debug|iPhone.Build.0 = Debug|Any CPU
		{868F16A6-B88A-4E85-99F9-C43ADA05E3A4}.Debug|iPhone.Deploy.0 = Debug|Any CPU
		{868F16A6-B88A-4E85-99F9-C43ADA05E3A4}.Debug|iPhoneSimulator.ActiveCfg = Debug|Any CPU
		{868F16A6-B88A-4E85-99F9-C43ADA05E3A4}.Debug|iPhoneSimulator.Build.0 = Debug|Any CPU
		{868F16A6-B88A-4E85-99F9-C43ADA05E3A4}.Debug|iPhoneSimulator.Deploy.0 = Debug|Any CPU
		{868F16A6-B88A-4E85-99F9-C43ADA05E3A4}.Release|Any CPU.ActiveCfg = Release|Any CPU
		{868F16A6-B88A-4E85-99F9-C43ADA05E3A4}.Release|Any CPU.Build.0 = Release|Any CPU
		{868F16A6-B88A-4E85-99F9-C43ADA05E3A4}.Release|Any CPU.Deploy.0 = Release|Any CPU
		{868F16A6-B88A-4E85-99F9-C43ADA05E3A4}.Release|iPhone.ActiveCfg = Release|Any CPU
		{868F16A6-B88A-4E85-99F9-C43ADA05E3A4}.Release|iPhone.Build.0 = Release|Any CPU
		{868F16A6-B88A-4E85-99F9-C43ADA05E3A4}.Release|iPhone.Deploy.0 = Release|Any CPU
		{868F16A6-B88A-4E85-99F9-C43ADA05E3A4}.Release|iPhoneSimulator.ActiveCfg = Release|Any CPU
		{868F16A6-B88A-4E85-99F9-C43ADA05E3A4}.Release|iPhoneSimulator.Build.0 = Release|Any CPU
		{868F16A6-B88A-4E85-99F9-C43ADA05E3A4}.Release|iPhoneSimulator.Deploy.0 = Release|Any CPU
		{125784B5-8892-43F1-8295-3BA145CE1200}.Ad-Hoc|Any CPU.ActiveCfg = Release|Any CPU
		{125784B5-8892-43F1-8295-3BA145CE1200}.Ad-Hoc|Any CPU.Build.0 = Release|Any CPU
		{125784B5-8892-43F1-8295-3BA145CE1200}.Ad-Hoc|iPhone.ActiveCfg = Release|Any CPU
		{125784B5-8892-43F1-8295-3BA145CE1200}.Ad-Hoc|iPhone.Build.0 = Release|Any CPU
		{125784B5-8892-43F1-8295-3BA145CE1200}.Ad-Hoc|iPhoneSimulator.ActiveCfg = Release|Any CPU
		{125784B5-8892-43F1-8295-3BA145CE1200}.Ad-Hoc|iPhoneSimulator.Build.0 = Release|Any CPU
		{125784B5-8892-43F1-8295-3BA145CE1200}.AppStore|Any CPU.ActiveCfg = Release|Any CPU
		{125784B5-8892-43F1-8295-3BA145CE1200}.AppStore|Any CPU.Build.0 = Release|Any CPU
		{125784B5-8892-43F1-8295-3BA145CE1200}.AppStore|iPhone.ActiveCfg = Release|Any CPU
		{125784B5-8892-43F1-8295-3BA145CE1200}.AppStore|iPhone.Build.0 = Release|Any CPU
		{125784B5-8892-43F1-8295-3BA145CE1200}.AppStore|iPhoneSimulator.ActiveCfg = Release|Any CPU
		{125784B5-8892-43F1-8295-3BA145CE1200}.AppStore|iPhoneSimulator.Build.0 = Release|Any CPU
		{125784B5-8892-43F1-8295-3BA145CE1200}.Debug|Any CPU.ActiveCfg = Debug|Any CPU
		{125784B5-8892-43F1-8295-3BA145CE1200}.Debug|Any CPU.Build.0 = Debug|Any CPU
		{125784B5-8892-43F1-8295-3BA145CE1200}.Debug|iPhone.ActiveCfg = Debug|Any CPU
		{125784B5-8892-43F1-8295-3BA145CE1200}.Debug|iPhone.Build.0 = Debug|Any CPU
		{125784B5-8892-43F1-8295-3BA145CE1200}.Debug|iPhoneSimulator.ActiveCfg = Debug|Any CPU
		{125784B5-8892-43F1-8295-3BA145CE1200}.Debug|iPhoneSimulator.Build.0 = Debug|Any CPU
		{125784B5-8892-43F1-8295-3BA145CE1200}.Release|Any CPU.ActiveCfg = Release|Any CPU
		{125784B5-8892-43F1-8295-3BA145CE1200}.Release|Any CPU.Build.0 = Release|Any CPU
		{125784B5-8892-43F1-8295-3BA145CE1200}.Release|iPhone.ActiveCfg = Release|Any CPU
		{125784B5-8892-43F1-8295-3BA145CE1200}.Release|iPhone.Build.0 = Release|Any CPU
		{125784B5-8892-43F1-8295-3BA145CE1200}.Release|iPhoneSimulator.ActiveCfg = Release|Any CPU
		{125784B5-8892-43F1-8295-3BA145CE1200}.Release|iPhoneSimulator.Build.0 = Release|Any CPU
		{092C5B24-29FC-40F9-8BCB-952F1A0A2D21}.Ad-Hoc|Any CPU.ActiveCfg = Ad-Hoc|iPhone
		{092C5B24-29FC-40F9-8BCB-952F1A0A2D21}.Ad-Hoc|iPhone.ActiveCfg = Ad-Hoc|iPhone
		{092C5B24-29FC-40F9-8BCB-952F1A0A2D21}.Ad-Hoc|iPhone.Build.0 = Ad-Hoc|iPhone
		{092C5B24-29FC-40F9-8BCB-952F1A0A2D21}.Ad-Hoc|iPhoneSimulator.ActiveCfg = Ad-Hoc|iPhoneSimulator
		{092C5B24-29FC-40F9-8BCB-952F1A0A2D21}.Ad-Hoc|iPhoneSimulator.Build.0 = Ad-Hoc|iPhoneSimulator
		{092C5B24-29FC-40F9-8BCB-952F1A0A2D21}.AppStore|Any CPU.ActiveCfg = AppStore|iPhone
		{092C5B24-29FC-40F9-8BCB-952F1A0A2D21}.AppStore|iPhone.ActiveCfg = AppStore|iPhone
		{092C5B24-29FC-40F9-8BCB-952F1A0A2D21}.AppStore|iPhone.Build.0 = AppStore|iPhone
		{092C5B24-29FC-40F9-8BCB-952F1A0A2D21}.AppStore|iPhoneSimulator.ActiveCfg = AppStore|iPhoneSimulator
		{092C5B24-29FC-40F9-8BCB-952F1A0A2D21}.AppStore|iPhoneSimulator.Build.0 = AppStore|iPhoneSimulator
		{092C5B24-29FC-40F9-8BCB-952F1A0A2D21}.Debug|Any CPU.ActiveCfg = Debug|iPhone
		{092C5B24-29FC-40F9-8BCB-952F1A0A2D21}.Debug|iPhone.ActiveCfg = Debug|iPhone
		{092C5B24-29FC-40F9-8BCB-952F1A0A2D21}.Debug|iPhone.Build.0 = Debug|iPhone
		{092C5B24-29FC-40F9-8BCB-952F1A0A2D21}.Debug|iPhoneSimulator.ActiveCfg = Debug|iPhoneSimulator
		{092C5B24-29FC-40F9-8BCB-952F1A0A2D21}.Debug|iPhoneSimulator.Build.0 = Debug|iPhoneSimulator
		{092C5B24-29FC-40F9-8BCB-952F1A0A2D21}.Release|Any CPU.ActiveCfg = Release|iPhone
		{092C5B24-29FC-40F9-8BCB-952F1A0A2D21}.Release|iPhone.ActiveCfg = Release|iPhone
		{092C5B24-29FC-40F9-8BCB-952F1A0A2D21}.Release|iPhone.Build.0 = Release|iPhone
		{092C5B24-29FC-40F9-8BCB-952F1A0A2D21}.Release|iPhoneSimulator.ActiveCfg = Release|iPhoneSimulator
		{092C5B24-29FC-40F9-8BCB-952F1A0A2D21}.Release|iPhoneSimulator.Build.0 = Release|iPhoneSimulator
	EndGlobalSection
	GlobalSection(SolutionProperties) = preSolution
		HideSolutionNode = FALSE
	EndGlobalSection
EndGlobal
